
Microsoft Visual Studio Solution File, Format Version 12.00
# Visual Studio Version 17
VisualStudioVersion = 17.1.32319.34
MinimumVisualStudioVersion = 10.0.40219.1
Project("{FAE04EC0-301F-11D3-BF4B-00C04F79EFBC}") = "Etap0", "Etap0.csproj", "{DDC270F3-61C6-4324-8694-5DECCD152FEA}"
EndProject
Project("{FAE04EC0-301F-11D3-BF4B-00C04F79EFBC}") = "Testy", "..\Testy\Testy.csproj", "{760B89F7-6858-438B-A072-F612E6E81886}"
EndProject
Global
	GlobalSection(SolutionConfigurationPlatforms) = preSolution
		Debug|Any CPU = Debug|Any CPU
		Release|Any CPU = Release|Any CPU
	EndGlobalSection
	GlobalSection(ProjectConfigurationPlatforms) = postSolution
		{DDC270F3-61C6-4324-8694-5DECCD152FEA}.Debug|Any CPU.ActiveCfg = Debug|Any CPU
		{DDC270F3-61C6-4324-8694-5DECCD152FEA}.Debug|Any CPU.Build.0 = Debug|Any CPU
		{DDC270F3-61C6-4324-8694-5DECCD152FEA}.Release|Any CPU.ActiveCfg = Release|Any CPU
		{DDC270F3-61C6-4324-8694-5DECCD152FEA}.Release|Any CPU.Build.0 = Release|Any CPU
		{760B89F7-6858-438B-A072-F612E6E81886}.Debug|Any CPU.ActiveCfg = Debug|Any CPU
		{760B89F7-6858-438B-A072-F612E6E81886}.Debug|Any CPU.Build.0 = Debug|Any CPU
		{760B89F7-6858-438B-A072-F612E6E81886}.Release|Any CPU.ActiveCfg = Release|Any CPU
		{760B89F7-6858-438B-A072-F612E6E81886}.Release|Any CPU.Build.0 = Release|Any CPU
	EndGlobalSection
	GlobalSection(SolutionProperties) = preSolution
		HideSolutionNode = FALSE
	EndGlobalSection
	GlobalSection(ExtensibilityGlobals) = postSolution
		SolutionGuid = {4B8AC782-F7C1-4FE3-A383-0DE0AD14A9F4}
	EndGlobalSection
EndGlobal
